// !$*UTF8*$!
{
	archiveVersion = 1;
	classes = {
	};
	objectVersion = 46;
	objects = {

/* Begin PBXBuildFile section */
		3A33494E1E5ED05C00CCEF19 /* main.m in Sources */ = {isa = PBXBuildFile; fileRef = 3A33494D1E5ED05C00CCEF19 /* main.m */; };
		3A3349511E5ED05C00CCEF19 /* AppDelegate.m in Sources */ = {isa = PBXBuildFile; fileRef = 3A3349501E5ED05C00CCEF19 /* AppDelegate.m */; };
		3A3349541E5ED05C00CCEF19 /* ViewController.m in Sources */ = {isa = PBXBuildFile; fileRef = 3A3349531E5ED05C00CCEF19 /* ViewController.m */; };
		3A3349571E5ED05C00CCEF19 /* Main.storyboard in Resources */ = {isa = PBXBuildFile; fileRef = 3A3349551E5ED05C00CCEF19 /* Main.storyboard */; };
		3A3349591E5ED05C00CCEF19 /* Assets.xcassets in Resources */ = {isa = PBXBuildFile; fileRef = 3A3349581E5ED05C00CCEF19 /* Assets.xcassets */; };
		3A33495C1E5ED05C00CCEF19 /* LaunchScreen.storyboard in Resources */ = {isa = PBXBuildFile; fileRef = 3A33495A1E5ED05C00CCEF19 /* LaunchScreen.storyboard */; };
		3A3349651E5ED0D500CCEF19 /* CoreMotion.framework in Frameworks */ = {isa = PBXBuildFile; fileRef = 3A3349641E5ED0D500CCEF19 /* CoreMotion.framework */; };
/* End PBXBuildFile section */

/* Begin PBXFileReference section */
		3A3349491E5ED05C00CCEF19 /* CoreMotionTest.app */ = {isa = PBXFileReference; explicitFileType = wrapper.application; includeInIndex = 0; path = CoreMotionTest.app; sourceTree = BUILT_PRODUCTS_DIR; };
		3A33494D1E5ED05C00CCEF19 /* main.m */ = {isa = PBXFileReference; lastKnownFileType = sourcecode.c.objc; path = main.m; sourceTree = "<group>"; };
		3A33494F1E5ED05C00CCEF19 /* AppDelegate.h */ = {isa = PBXFileReference; lastKnownFileType = sourcecode.c.h; path = AppDelegate.h; sourceTree = "<group>"; };
		3A3349501E5ED05C00CCEF19 /* AppDelegate.m */ = {isa = PBXFileReference; lastKnownFileType = sourcecode.c.objc; path = AppDelegate.m; sourceTree = "<group>"; };
		3A3349521E5ED05C00CCEF19 /* ViewController.h */ = {isa = PBXFileReference; lastKnownFileType = sourcecode.c.h; path = ViewController.h; sourceTree = "<group>"; };
		3A3349531E5ED05C00CCEF19 /* ViewController.m */ = {isa = PBXFileReference; lastKnownFileType = sourcecode.c.objc; path = ViewController.m; sourceTree = "<group>"; };
		3A3349561E5ED05C00CCEF19 /* Base */ = {isa = PBXFileReference; lastKnownFileType = file.storyboard; name = Base; path = Base.lproj/Main.storyboard; sourceTree = "<group>"; };
		3A3349581E5ED05C00CCEF19 /* Assets.xcassets */ = {isa = PBXFileReference; lastKnownFileType = folder.assetcatalog; path = Assets.xcassets; sourceTree = "<group>"; };
		3A33495B1E5ED05C00CCEF19 /* Base */ = {isa = PBXFileReference; lastKnownFileType = file.storyboard; name = Base; path = Base.lproj/LaunchScreen.storyboard; sourceTree = "<group>"; };
		3A33495D1E5ED05C00CCEF19 /* Info.plist */ = {isa = PBXFileReference; lastKnownFileType = text.plist.xml; path = Info.plist; sourceTree = "<group>"; };
		3A3349641E5ED0D500CCEF19 /* CoreMotion.framework */ = {isa = PBXFileReference; lastKnownFileType = wrapper.framework; name = CoreMotion.framework; path = System/Library/Frameworks/CoreMotion.framework; sourceTree = SDKROOT; };
/* End PBXFileReference section */

/* Begin PBXFrameworksBuildPhase section */
		3A3349461E5ED05C00CCEF19 /* Frameworks */ = {
			isa = PBXFrameworksBuildPhase;
			buildActionMask = 2147483647;
			files = (
				3A3349651E5ED0D500CCEF19 /* CoreMotion.framework in Frameworks */,
			);
			runOnlyForDeploymentPostprocessing = 0;
		};
/* End PBXFrameworksBuildPhase section */

/* Begin PBXGroup section */
		3A3349401E5ED05C00CCEF19 = {
			isa = PBXGroup;
			children = (
				3A33494B1E5ED05C00CCEF19 /* CoreMotionTest */,
				3A33494A1E5ED05C00CCEF19 /* Products */,
				3A3349631E5ED0D500CCEF19 /* Frameworks */,
			);
			sourceTree = "<group>";
		};
		3A33494A1E5ED05C00CCEF19 /* Products */ = {
			isa = PBXGroup;
			children = (
				3A3349491E5ED05C00CCEF19 /* CoreMotionTest.app */,
			);
			name = Products;
			sourceTree = "<group>";
		};
		3A33494B1E5ED05C00CCEF19 /* CoreMotionTest */ = {
			isa = PBXGroup;
			children = (
				3A33494F1E5ED05C00CCEF19 /* AppDelegate.h */,
				3A3349501E5ED05C00CCEF19 /* AppDelegate.m */,
				3A3349521E5ED05C00CCEF19 /* ViewController.h */,
				3A3349531E5ED05C00CCEF19 /* ViewController.m */,
				3A3349551E5ED05C00CCEF19 /* Main.storyboard */,
				3A3349581E5ED05C00CCEF19 /* Assets.xcassets */,
				3A33495A1E5ED05C00CCEF19 /* LaunchScreen.storyboard */,
				3A33495D1E5ED05C00CCEF19 /* Info.plist */,
				3A33494C1E5ED05C00CCEF19 /* Supporting Files */,
			);
			path = CoreMotionTest;
			sourceTree = "<group>";
		};
		3A33494C1E5ED05C00CCEF19 /* Supporting Files */ = {
			isa = PBXGroup;
			children = (
				3A33494D1E5ED05C00CCEF19 /* main.m */,
			);
			name = "Supporting Files";
			sourceTree = "<group>";
		};
		3A3349631E5ED0D500CCEF19 /* Frameworks */ = {
			isa = PBXGroup;
			children = (
				3A3349641E5ED0D500CCEF19 /* CoreMotion.framework */,
			);
			name = Frameworks;
			sourceTree = "<group>";
		};
/* End PBXGroup section */

/* Begin PBXNativeTarget section */
		3A3349481E5ED05C00CCEF19 /* CoreMotionTest */ = {
			isa = PBXNativeTarget;
			buildConfigurationList = 3A3349601E5ED05C00CCEF19 /* Build configuration list for PBXNativeTarget "CoreMotionTest" */;
			buildPhases = (
				3A3349451E5ED05C00CCEF19 /* Sources */,
				3A3349461E5ED05C00CCEF19 /* Frameworks */,
				3A3349471E5ED05C00CCEF19 /* Resources */,
			);
			buildRules = (
			);
			dependencies = (
			);
			name = CoreMotionTest;
			productName = CoreMotionTest;
			productReference = 3A3349491E5ED05C00CCEF19 /* CoreMotionTest.app */;
			productType = "com.apple.product-type.application";
		};
/* End PBXNativeTarget section */

/* Begin PBXProject section */
		3A3349411E5ED05C00CCEF19 /* Project object */ = {
			isa = PBXProject;
			attributes = {
				LastUpgradeCheck = 0810;
				ORGANIZATIONNAME = "Yioks-Mac";
				TargetAttributes = {
					3A3349481E5ED05C00CCEF19 = {
						CreatedOnToolsVersion = 8.1;
						DevelopmentTeam = YJRKEB8VKU;
						ProvisioningStyle = Automatic;
					};
				};
			};
			buildConfigurationList = 3A3349441E5ED05C00CCEF19 /* Build configuration list for PBXProject "CoreMotionTest" */;
			compatibilityVersion = "Xcode 3.2";
			developmentRegion = English;
			hasScannedForEncodings = 0;
			knownRegions = (
				en,
				Base,
			);
			mainGroup = 3A3349401E5ED05C00CCEF19;
			productRefGroup = 3A33494A1E5ED05C00CCEF19 /* Products */;
			projectDirPath = "";
			projectRoot = "";
			targets = (
				3A3349481E5ED05C00CCEF19 /* CoreMotionTest */,
			);
		};
/* End PBXProject section */

/* Begin PBXResourcesBuildPhase section */
		3A3349471E5ED05C00CCEF19 /* Resources */ = {
			isa = PBXResourcesBuildPhase;
			buildActionMask = 2147483647;
			files = (
				3A33495C1E5ED05C00CCEF19 /* LaunchScreen.storyboard in Resources */,
				3A3349591E5ED05C00CCEF19 /* Assets.xcassets in Resources */,
				3A3349571E5ED05C00CCEF19 /* Main.storyboard in Resources */,
			);
			runOnlyForDeploymentPostprocessing = 0;
		};
/* End PBXResourcesBuildPhase section */

/* Begin PBXSourcesBuildPhase section */
		3A3349451E5ED05C00CCEF19 /* Sources */ = {
			isa = PBXSourcesBuildPhase;
			buildActionMask = 2147483647;
			files = (
				3A3349541E5ED05C00CCEF19 /* ViewController.m in Sources */,
				3A3349511E5ED05C00CCEF19 /* AppDelegate.m in Sources */,
				3A33494E1E5ED05C00CCEF19 /* main.m in Sources */,
			);
			runOnlyForDeploymentPostprocessing = 0;
		};
/* End PBXSourcesBuildPhase section */

/* Begin PBXVariantGroup section */
		3A3349551E5ED05C00CCEF19 /* Main.storyboard */ = {
			isa = PBXVariantGroup;
			children = (
				3A3349561E5ED05C00CCEF19 /* Base */,
			);
			name = Main.storyboard;
			sourceTree = "<group>";
		};
		3A33495A1E5ED05C00CCEF19 /* LaunchScreen.storyboard */ = {
			isa = PBXVariantGroup;
			children = (
				3A33495B1E5ED05C00CCEF19 /* Base */,
			);
			name = LaunchScreen.storyboard;
			sourceTree = "<group>";
		};
/* End PBXVariantGroup section */

/* Begin XCBuildConfiguration section */
		3A33495E1E5ED05C00CCEF19 /* Debug */ = {
			isa = XCBuildConfiguration;
			buildSettings = {
				ALWAYS_SEARCH_USER_PATHS = NO;
				CLANG_ANALYZER_NONNULL = YES;
				CLANG_CXX_LANGUAGE_STANDARD = "gnu++0x";
				CLANG_CXX_LIBRARY = "libc++";
				CLANG_ENABLE_MODULES = YES;
				CLANG_ENABLE_OBJC_ARC = YES;
				CLANG_WARN_BOOL_CONVERSION = YES;
				CLANG_WARN_CONSTANT_CONVERSION = YES;
				CLANG_WARN_DIRECT_OBJC_ISA_USAGE = YES_ERROR;
				CLANG_WARN_DOCUMENTATION_COMMENTS = YES;
				CLANG_WARN_EMPTY_BODY = YES;
				CLANG_WARN_ENUM_CONVERSION = YES;
				CLANG_WARN_INFINITE_RECURSION = YES;
				CLANG_WARN_INT_CONVERSION = YES;
				CLANG_WARN_OBJC_ROOT_CLASS = YES_ERROR;
				CLANG_WARN_SUSPICIOUS_MOVES = YES;
				CLANG_WARN_UNREACHABLE_CODE = YES;
				CLANG_WARN__DUPLICATE_METHOD_MATCH = YES;
				"CODE_SIGN_IDENTITY[sdk=iphoneos*]" = "iPhone Developer";
				COPY_PHASE_STRIP = NO;
				DEBUG_INFORMATION_FORMAT = dwarf;
				ENABLE_STRICT_OBJC_MSGSEND = YES;
				ENABLE_TESTABILITY = YES;
				GCC_C_LANGUAGE_STANDARD = gnu99;
				GCC_DYNAMIC_NO_PIC = NO;
				GCC_NO_COMMON_BLOCKS = YES;
				GCC_OPTIMIZATION_LEVEL = 0;
				GCC_PREPROCESSOR_DEFINITIONS = (
					"DEBUG=1",
					"$(inherited)",
				);
				GCC_WARN_64_TO_32_BIT_CONVERSION = YES;
				GCC_WARN_ABOUT_RETURN_TYPE = YES_ERROR;
				GCC_WARN_UNDECLARED_SELECTOR = YES;
				GCC_WARN_UNINITIALIZED_AUTOS = YES_AGGRESSIVE;
				GCC_WARN_UNUSED_FUNCTION = YES;
				GCC_WARN_UNUSED_VARIABLE = YES;
				IPHONEOS_DEPLOYMENT_TARGET = 10.1;
				MTL_ENABLE_DEBUG_INFO = YES;
				ONLY_ACTIVE_ARCH = YES;
				SDKROOT = iphoneos;
				TARGETED_DEVICE_FAMILY = "1,2";
			};
			name = Debug;
		};
		3A33495F1E5ED05C00CCEF19 /* Release */ = {
			isa = XCBuildConfiguration;
			buildSettings = {
				ALWAYS_SEARCH_USER_PATHS = NO;
				CLANG_ANALYZER_NONNULL = YES;
				CLANG_CXX_LANGUAGE_STANDARD = "gnu++0x";
				CLANG_CXX_LIBRARY = "libc++";
				CLANG_ENABLE_MODULES = YES;
				CLANG_ENABLE_OBJC_ARC = YES;
				CLANG_WARN_BOOL_CONVERSION = YES;
				CLANG_WARN_CONSTANT_CONVERSION = YES;
				CLANG_WARN_DIRECT_OBJC_ISA_USAGE = YES_ERROR;
				CLANG_WARN_DOCUMENTATION_COMMENTS = YES;
				CLANG_WARN_EMPTY_BODY = YES;
				CLANG_WARN_ENUM_CONVERSION = YES;
				CLANG_WARN_INFINITE_RECURSION = YES;
				CLANG_WARN_INT_CONVERSION = YES;
				CLANG_WARN_OBJC_ROOT_CLASS = YES_ERROR;
				CLANG_WARN_SUSPICIOUS_MOVES = YES;
				CLANG_WARN_UNREACHABLE_CODE = YES;
				CLANG_WARN__DUPLICATE_METHOD_MATCH = YES;
				"CODE_SIGN_IDENTITY[sdk=iphoneos*]" = "iPhone Developer";
				COPY_PHASE_STRIP = NO;
				DEBUG_INFORMATION_FORMAT = "dwarf-with-dsym";
				ENABLE_NS_ASSERTIONS = NO;
				ENABLE_STRICT_OBJC_MSGSEND = YES;
				GCC_C_LANGUAGE_STANDARD = gnu99;
				GCC_NO_COMMON_BLOCKS = YES;
				GCC_WARN_64_TO_32_BIT_CONVERSION = YES;
				GCC_WARN_ABOUT_RETURN_TYPE = YES_ERROR;
				GCC_WARN_UNDECLARED_SELECTOR = YES;
				GCC_WARN_UNINITIALIZED_AUTOS = YES_AGGRESSIVE;
				GCC_WARN_UNUSED_FUNCTION = YES;
				GCC_WARN_UNUSED_VARIABLE = YES;
				IPHONEOS_DEPLOYMENT_TARGET = 10.1;
				MTL_ENABLE_DEBUG_INFO = NO;
				SDKROOT = iphoneos;
				TARGETED_DEVICE_FAMILY = "1,2";
				VALIDATE_PRODUCT = YES;
			};
			name = Release;
		};
		3A3349611E5ED05C00CCEF19 /* Debug */ = {
			isa = XCBuildConfiguration;
			buildSettings = {
				ASSETCATALOG_COMPILER_APPICON_NAME = AppIcon;
				DEVELOPMENT_TEAM = YJRKEB8VKU;
				INFOPLIST_FILE = CoreMotionTest/Info.plist;
				IPHONEOS_DEPLOYMENT_TARGET = 8.0;
				LD_RUNPATH_SEARCH_PATHS = "$(inherited) @executable_path/Frameworks";
				PRODUCT_BUNDLE_IDENTIFIER = com.Yioks.CoreMotionTest;
				PRODUCT_NAME = "$(TARGET_NAME)";
			};
			name = Debug;
		};
		3A3349621E5ED05C00CCEF19 /* Release */ = {
			isa = XCBuildConfiguration;
			buildSettings = {
				ASSETCATALOG_COMPILER_APPICON_NAME = AppIcon;
				DEVELOPMENT_TEAM = YJRKEB8VKU;
				INFOPLIST_FILE = CoreMotionTest/Info.plist;
				IPHONEOS_DEPLOYMENT_TARGET = 8.0;
				LD_RUNPATH_SEARCH_PATHS = "$(inherited) @executable_path/Frameworks";
				PRODUCT_BUNDLE_IDENTIFIER = com.Yioks.CoreMotionTest;
				PRODUCT_NAME = "$(TARGET_NAME)";
			};
			name = Release;
		};
/* End XCBuildConfiguration section */

/* Begin XCConfigurationList section */
		3A3349441E5ED05C00CCEF19 /* Build configuration list for PBXProject "CoreMotionTest" */ = {
			isa = XCConfigurationList;
			buildConfigurations = (
				3A33495E1E5ED05C00CCEF19 /* Debug */,
				3A33495F1E5ED05C00CCEF19 /* Release */,
			);
			defaultConfigurationIsVisible = 0;
			defaultConfigurationName = Release;
		};
		3A3349601E5ED05C00CCEF19 /* Build configuration list for PBXNativeTarget "CoreMotionTest" */ = {
			isa = XCConfigurationList;
			buildConfigurations = (
				3A3349611E5ED05C00CCEF19 /* Debug */,
				3A3349621E5ED05C00CCEF19 /* Release */,
			);
			defaultConfigurationIsVisible = 0;
		};
/* End XCConfigurationList section */
	};
	rootObject = 3A3349411E5ED05C00CCEF19 /* Project object */;
}
